# THIS IS AN AUTOGENERATED FILE. DO NOT EDIT THIS FILE DIRECTLY.
# yarn lockfile v1


create-event-target-hook@^1.2.2:
  version "1.2.2"
  resolved "https://registry.yarnpkg.com/create-event-target-hook/-/create-event-target-hook-1.2.2.tgz#43083aa597a292e82ea68ea0f2501aaf1e5ee8b0"
  integrity sha512-ReLY5B/7hqkU+WlbbyQOzYtUCqDsBg75RjguLTpx3RI4WXGPqisePWtm+OpUZWLSZF109CIXVglT2Y3CSCuGOg==
